<?xml version="1.0" encoding="utf-8"?>
<Project ToolsVersion="17.0" xmlns="http://schemas.microsoft.com/developer/msbuild/2003">
  <ItemGroup>
    <ClCompile Include="C:\development\dxx-redux\d1\arch\sdl\event.c">
      <Filter>Source Files</Filter>
    </ClCompile>
    <ClCompile Include="C:\development\dxx-redux\d1\arch\sdl\init.c">
      <Filter>Source Files</Filter>
    </ClCompile>
    <ClCompile Include="C:\development\dxx-redux\d1\arch\sdl\joy.c">
      <Filter>Source Files</Filter>
    </ClCompile>
    <ClCompile Include="C:\development\dxx-redux\d1\arch\sdl\key.c">
      <Filter>Source Files</Filter>
    </ClCompile>
    <ClCompile Include="C:\development\dxx-redux\d1\arch\sdl\mouse.c">
      <Filter>Source Files</Filter>
    </ClCompile>
    <ClCompile Include="C:\development\dxx-redux\d1\arch\sdl\rbaudio.c">
      <Filter>Source Files</Filter>
    </ClCompile>
    <ClCompile Include="C:\development\dxx-redux\d1\arch\sdl\timer.c">
      <Filter>Source Files</Filter>
    </ClCompile>
    <ClCompile Include="C:\development\dxx-redux\d1\arch\sdl\window.c">
      <Filter>Source Files</Filter>
    </ClCompile>
    <ClCompile Include="C:\development\dxx-redux\d1\arch\sdl\digi.c">
      <Filter>Source Files</Filter>
    </ClCompile>
    <ClCompile Include="C:\development\dxx-redux\d1\arch\sdl\digi_audio.c">
      <Filter>Source Files</Filter>
    </ClCompile>
    <ClCompile Include="C:\development\dxx-redux\d1\arch\sdl\digi_mixer.c">
      <Filter>Source Files</Filter>
    </ClCompile>
    <ClCompile Include="C:\development\dxx-redux\d1\arch\sdl\digi_mixer_music.c">
      <Filter>Source Files</Filter>
    </ClCompile>
    <ClCompile Include="C:\development\dxx-redux\d1\arch\sdl\jukebox.c">
      <Filter>Source Files</Filter>
    </ClCompile>
  </ItemGroup>
  <ItemGroup>
    <CustomBuild Include="C:\development\dxx-redux\d1\arch\sdl\CMakeLists.txt" />
  </ItemGroup>
  <ItemGroup>
    <Filter Include="Source Files">
      <UniqueIdentifier>{A4C8D66D-B4EC-32FD-8CD5-BE40F764A836}</UniqueIdentifier>
    </Filter>
  </ItemGroup>
</Project>
