<?xml version="1.0" encoding="utf-8"?>
<Project ToolsVersion="17.0" xmlns="http://schemas.microsoft.com/developer/msbuild/2003">
  <ItemGroup>
    <CustomBuild Include="C:\Users\jesse\Downloads\dev\dxx-redux\d1\CMakeFiles\c4562f4bca4d54d8711c2e6df66d9a82\INSTALL_force.rule">
      <Filter>CMake Rules</Filter>
    </CustomBuild>
  </ItemGroup>
  <ItemGroup>
    <Filter Include="CMake Rules">
      <UniqueIdentifier>{4FDFF902-CC96-3F30-9624-0620555CA214}</UniqueIdentifier>
    </Filter>
  </ItemGroup>
</Project>
