
Microsoft Visual Studio Solution File, Format Version 12.00
# Visual Studio Version 17
Project("{8BC9CEB8-8B4A-11D0-8D11-00A0C91BC942}") = "ALL_BUILD", "ALL_BUILD.vcxproj", "{900EB84E-4D56-3CE2-BF71-2C4F86A1D549}"
	ProjectSection(ProjectDependencies) = postProject
		{9FB3463E-47AE-308F-A32B-131A74965F7F} = {9FB3463E-47AE-308F-A32B-131A74965F7F}
		{A3810E9E-DECF-3678-A8E8-C50A8018EF24} = {A3810E9E-DECF-3678-A8E8-C50A8018EF24}
		{9893B4F0-5A2E-3802-A5B3-D8C2E0E76B43} = {9893B4F0-5A2E-3802-A5B3-D8C2E0E76B43}
		{E21F8D5C-2CA2-34A7-B339-A2AD9912DCC8} = {E21F8D5C-2CA2-34A7-B339-A2AD9912DCC8}
		{EABD6BE4-2FB6-3E3D-BBBB-A955ACB32FE9} = {EABD6BE4-2FB6-3E3D-BBBB-A955ACB32FE9}
		{20C7F135-90BE-379F-BB0A-091ED4332515} = {20C7F135-90BE-379F-BB0A-091ED4332515}
		{5CA7D857-F148-31EE-BF7B-558F16097FD2} = {5CA7D857-F148-31EE-BF7B-558F16097FD2}
		{05486F9D-ECFE-3F89-AA64-D2AA28F8FFB8} = {05486F9D-ECFE-3F89-AA64-D2AA28F8FFB8}
		{9C7E3D02-876E-3A2E-854F-1A05A8258128} = {9C7E3D02-876E-3A2E-854F-1A05A8258128}
		{7AB3EE7D-AA9C-3E3D-8357-DE918F9E099E} = {7AB3EE7D-AA9C-3E3D-8357-DE918F9E099E}
		{4D27E8F5-D46B-326B-B122-85E9B01F5634} = {4D27E8F5-D46B-326B-B122-85E9B01F5634}
		{3864B769-CF1E-3249-8BF4-E6F41A83D2AD} = {3864B769-CF1E-3249-8BF4-E6F41A83D2AD}
		{DFF3F55A-66A1-3D25-B0AC-A3AA1832C2C2} = {DFF3F55A-66A1-3D25-B0AC-A3AA1832C2C2}
		{43FD98C0-B4E8-3B8C-9246-E587E7E730C3} = {43FD98C0-B4E8-3B8C-9246-E587E7E730C3}
	EndProjectSection
EndProject
Project("{8BC9CEB8-8B4A-11D0-8D11-00A0C91BC942}") = "2d", "2d\2d.vcxproj", "{9FB3463E-47AE-308F-A32B-131A74965F7F}"
	ProjectSection(ProjectDependencies) = postProject
		{9893B4F0-5A2E-3802-A5B3-D8C2E0E76B43} = {9893B4F0-5A2E-3802-A5B3-D8C2E0E76B43}
	EndProjectSection
EndProject
Project("{8BC9CEB8-8B4A-11D0-8D11-00A0C91BC942}") = "3d", "3d\3d.vcxproj", "{A3810E9E-DECF-3678-A8E8-C50A8018EF24}"
	ProjectSection(ProjectDependencies) = postProject
		{9893B4F0-5A2E-3802-A5B3-D8C2E0E76B43} = {9893B4F0-5A2E-3802-A5B3-D8C2E0E76B43}
	EndProjectSection
EndProject
Project("{8BC9CEB8-8B4A-11D0-8D11-00A0C91BC942}") = "INSTALL", "INSTALL.vcxproj", "{7ECEBF54-785E-3255-9596-07D55ED0588D}"
	ProjectSection(ProjectDependencies) = postProject
		{900EB84E-4D56-3CE2-BF71-2C4F86A1D549} = {900EB84E-4D56-3CE2-BF71-2C4F86A1D549}
		{9893B4F0-5A2E-3802-A5B3-D8C2E0E76B43} = {9893B4F0-5A2E-3802-A5B3-D8C2E0E76B43}
	EndProjectSection
EndProject
Project("{8BC9CEB8-8B4A-11D0-8D11-00A0C91BC942}") = "ZERO_CHECK", "ZERO_CHECK.vcxproj", "{9893B4F0-5A2E-3802-A5B3-D8C2E0E76B43}"
	ProjectSection(ProjectDependencies) = postProject
	EndProjectSection
EndProject
Project("{8BC9CEB8-8B4A-11D0-8D11-00A0C91BC942}") = "arch_ogl", "arch\ogl\arch_ogl.vcxproj", "{E21F8D5C-2CA2-34A7-B339-A2AD9912DCC8}"
	ProjectSection(ProjectDependencies) = postProject
		{9893B4F0-5A2E-3802-A5B3-D8C2E0E76B43} = {9893B4F0-5A2E-3802-A5B3-D8C2E0E76B43}
	EndProjectSection
EndProject
Project("{8BC9CEB8-8B4A-11D0-8D11-00A0C91BC942}") = "arch_sdl", "arch\sdl\arch_sdl.vcxproj", "{EABD6BE4-2FB6-3E3D-BBBB-A955ACB32FE9}"
	ProjectSection(ProjectDependencies) = postProject
		{9893B4F0-5A2E-3802-A5B3-D8C2E0E76B43} = {9893B4F0-5A2E-3802-A5B3-D8C2E0E76B43}
	EndProjectSection
EndProject
Project("{8BC9CEB8-8B4A-11D0-8D11-00A0C91BC942}") = "arch_win32", "arch\win32\arch_win32.vcxproj", "{20C7F135-90BE-379F-BB0A-091ED4332515}"
	ProjectSection(ProjectDependencies) = postProject
		{9893B4F0-5A2E-3802-A5B3-D8C2E0E76B43} = {9893B4F0-5A2E-3802-A5B3-D8C2E0E76B43}
	EndProjectSection
EndProject
Project("{8BC9CEB8-8B4A-11D0-8D11-00A0C91BC942}") = "d2x-redux", "main\d2x-redux.vcxproj", "{5CA7D857-F148-31EE-BF7B-558F16097FD2}"
	ProjectSection(ProjectDependencies) = postProject
		{9FB3463E-47AE-308F-A32B-131A74965F7F} = {9FB3463E-47AE-308F-A32B-131A74965F7F}
		{A3810E9E-DECF-3678-A8E8-C50A8018EF24} = {A3810E9E-DECF-3678-A8E8-C50A8018EF24}
		{9893B4F0-5A2E-3802-A5B3-D8C2E0E76B43} = {9893B4F0-5A2E-3802-A5B3-D8C2E0E76B43}
		{E21F8D5C-2CA2-34A7-B339-A2AD9912DCC8} = {E21F8D5C-2CA2-34A7-B339-A2AD9912DCC8}
		{EABD6BE4-2FB6-3E3D-BBBB-A955ACB32FE9} = {EABD6BE4-2FB6-3E3D-BBBB-A955ACB32FE9}
		{20C7F135-90BE-379F-BB0A-091ED4332515} = {20C7F135-90BE-379F-BB0A-091ED4332515}
		{05486F9D-ECFE-3F89-AA64-D2AA28F8FFB8} = {05486F9D-ECFE-3F89-AA64-D2AA28F8FFB8}
		{9C7E3D02-876E-3A2E-854F-1A05A8258128} = {9C7E3D02-876E-3A2E-854F-1A05A8258128}
		{7AB3EE7D-AA9C-3E3D-8357-DE918F9E099E} = {7AB3EE7D-AA9C-3E3D-8357-DE918F9E099E}
		{4D27E8F5-D46B-326B-B122-85E9B01F5634} = {4D27E8F5-D46B-326B-B122-85E9B01F5634}
		{3864B769-CF1E-3249-8BF4-E6F41A83D2AD} = {3864B769-CF1E-3249-8BF4-E6F41A83D2AD}
		{DFF3F55A-66A1-3D25-B0AC-A3AA1832C2C2} = {DFF3F55A-66A1-3D25-B0AC-A3AA1832C2C2}
		{43FD98C0-B4E8-3B8C-9246-E587E7E730C3} = {43FD98C0-B4E8-3B8C-9246-E587E7E730C3}
	EndProjectSection
EndProject
Project("{8BC9CEB8-8B4A-11D0-8D11-00A0C91BC942}") = "iff", "iff\iff.vcxproj", "{05486F9D-ECFE-3F89-AA64-D2AA28F8FFB8}"
	ProjectSection(ProjectDependencies) = postProject
		{9893B4F0-5A2E-3802-A5B3-D8C2E0E76B43} = {9893B4F0-5A2E-3802-A5B3-D8C2E0E76B43}
	EndProjectSection
EndProject
Project("{8BC9CEB8-8B4A-11D0-8D11-00A0C91BC942}") = "libmve", "libmve\libmve.vcxproj", "{9C7E3D02-876E-3A2E-854F-1A05A8258128}"
	ProjectSection(ProjectDependencies) = postProject
		{9893B4F0-5A2E-3802-A5B3-D8C2E0E76B43} = {9893B4F0-5A2E-3802-A5B3-D8C2E0E76B43}
	EndProjectSection
EndProject
Project("{8BC9CEB8-8B4A-11D0-8D11-00A0C91BC942}") = "maths", "maths\maths.vcxproj", "{7AB3EE7D-AA9C-3E3D-8357-DE918F9E099E}"
	ProjectSection(ProjectDependencies) = postProject
		{9893B4F0-5A2E-3802-A5B3-D8C2E0E76B43} = {9893B4F0-5A2E-3802-A5B3-D8C2E0E76B43}
	EndProjectSection
EndProject
Project("{8BC9CEB8-8B4A-11D0-8D11-00A0C91BC942}") = "mem", "mem\mem.vcxproj", "{4D27E8F5-D46B-326B-B122-85E9B01F5634}"
	ProjectSection(ProjectDependencies) = postProject
		{9893B4F0-5A2E-3802-A5B3-D8C2E0E76B43} = {9893B4F0-5A2E-3802-A5B3-D8C2E0E76B43}
	EndProjectSection
EndProject
Project("{8BC9CEB8-8B4A-11D0-8D11-00A0C91BC942}") = "misc", "misc\misc.vcxproj", "{3864B769-CF1E-3249-8BF4-E6F41A83D2AD}"
	ProjectSection(ProjectDependencies) = postProject
		{9893B4F0-5A2E-3802-A5B3-D8C2E0E76B43} = {9893B4F0-5A2E-3802-A5B3-D8C2E0E76B43}
	EndProjectSection
EndProject
Project("{8BC9CEB8-8B4A-11D0-8D11-00A0C91BC942}") = "texmap", "texmap\texmap.vcxproj", "{DFF3F55A-66A1-3D25-B0AC-A3AA1832C2C2}"
	ProjectSection(ProjectDependencies) = postProject
		{9893B4F0-5A2E-3802-A5B3-D8C2E0E76B43} = {9893B4F0-5A2E-3802-A5B3-D8C2E0E76B43}
	EndProjectSection
EndProject
Project("{8BC9CEB8-8B4A-11D0-8D11-00A0C91BC942}") = "xmodel", "xmodel\xmodel.vcxproj", "{43FD98C0-B4E8-3B8C-9246-E587E7E730C3}"
	ProjectSection(ProjectDependencies) = postProject
		{9893B4F0-5A2E-3802-A5B3-D8C2E0E76B43} = {9893B4F0-5A2E-3802-A5B3-D8C2E0E76B43}
	EndProjectSection
EndProject
Global
	GlobalSection(SolutionConfigurationPlatforms) = preSolution
		Debug|x64 = Debug|x64
		Release|x64 = Release|x64
		MinSizeRel|x64 = MinSizeRel|x64
		RelWithDebInfo|x64 = RelWithDebInfo|x64
	EndGlobalSection
	GlobalSection(ProjectConfigurationPlatforms) = postSolution
		{900EB84E-4D56-3CE2-BF71-2C4F86A1D549}.Debug|x64.ActiveCfg = Debug|x64
		{900EB84E-4D56-3CE2-BF71-2C4F86A1D549}.Debug|x64.Build.0 = Debug|x64
		{900EB84E-4D56-3CE2-BF71-2C4F86A1D549}.Release|x64.ActiveCfg = Release|x64
		{900EB84E-4D56-3CE2-BF71-2C4F86A1D549}.Release|x64.Build.0 = Release|x64
		{900EB84E-4D56-3CE2-BF71-2C4F86A1D549}.MinSizeRel|x64.ActiveCfg = MinSizeRel|x64
		{900EB84E-4D56-3CE2-BF71-2C4F86A1D549}.MinSizeRel|x64.Build.0 = MinSizeRel|x64
		{900EB84E-4D56-3CE2-BF71-2C4F86A1D549}.RelWithDebInfo|x64.ActiveCfg = RelWithDebInfo|x64
		{900EB84E-4D56-3CE2-BF71-2C4F86A1D549}.RelWithDebInfo|x64.Build.0 = RelWithDebInfo|x64
		{9FB3463E-47AE-308F-A32B-131A74965F7F}.Debug|x64.ActiveCfg = Debug|x64
		{9FB3463E-47AE-308F-A32B-131A74965F7F}.Debug|x64.Build.0 = Debug|x64
		{9FB3463E-47AE-308F-A32B-131A74965F7F}.Release|x64.ActiveCfg = Release|x64
		{9FB3463E-47AE-308F-A32B-131A74965F7F}.Release|x64.Build.0 = Release|x64
		{9FB3463E-47AE-308F-A32B-131A74965F7F}.MinSizeRel|x64.ActiveCfg = MinSizeRel|x64
		{9FB3463E-47AE-308F-A32B-131A74965F7F}.MinSizeRel|x64.Build.0 = MinSizeRel|x64
		{9FB3463E-47AE-308F-A32B-131A74965F7F}.RelWithDebInfo|x64.ActiveCfg = RelWithDebInfo|x64
		{9FB3463E-47AE-308F-A32B-131A74965F7F}.RelWithDebInfo|x64.Build.0 = RelWithDebInfo|x64
		{A3810E9E-DECF-3678-A8E8-C50A8018EF24}.Debug|x64.ActiveCfg = Debug|x64
		{A3810E9E-DECF-3678-A8E8-C50A8018EF24}.Debug|x64.Build.0 = Debug|x64
		{A3810E9E-DECF-3678-A8E8-C50A8018EF24}.Release|x64.ActiveCfg = Release|x64
		{A3810E9E-DECF-3678-A8E8-C50A8018EF24}.Release|x64.Build.0 = Release|x64
		{A3810E9E-DECF-3678-A8E8-C50A8018EF24}.MinSizeRel|x64.ActiveCfg = MinSizeRel|x64
		{A3810E9E-DECF-3678-A8E8-C50A8018EF24}.MinSizeRel|x64.Build.0 = MinSizeRel|x64
		{A3810E9E-DECF-3678-A8E8-C50A8018EF24}.RelWithDebInfo|x64.ActiveCfg = RelWithDebInfo|x64
		{A3810E9E-DECF-3678-A8E8-C50A8018EF24}.RelWithDebInfo|x64.Build.0 = RelWithDebInfo|x64
		{7ECEBF54-785E-3255-9596-07D55ED0588D}.Debug|x64.ActiveCfg = Debug|x64
		{7ECEBF54-785E-3255-9596-07D55ED0588D}.Release|x64.ActiveCfg = Release|x64
		{7ECEBF54-785E-3255-9596-07D55ED0588D}.MinSizeRel|x64.ActiveCfg = MinSizeRel|x64
		{7ECEBF54-785E-3255-9596-07D55ED0588D}.RelWithDebInfo|x64.ActiveCfg = RelWithDebInfo|x64
		{9893B4F0-5A2E-3802-A5B3-D8C2E0E76B43}.Debug|x64.ActiveCfg = Debug|x64
		{9893B4F0-5A2E-3802-A5B3-D8C2E0E76B43}.Debug|x64.Build.0 = Debug|x64
		{9893B4F0-5A2E-3802-A5B3-D8C2E0E76B43}.Release|x64.ActiveCfg = Release|x64
		{9893B4F0-5A2E-3802-A5B3-D8C2E0E76B43}.Release|x64.Build.0 = Release|x64
		{9893B4F0-5A2E-3802-A5B3-D8C2E0E76B43}.MinSizeRel|x64.ActiveCfg = MinSizeRel|x64
		{9893B4F0-5A2E-3802-A5B3-D8C2E0E76B43}.MinSizeRel|x64.Build.0 = MinSizeRel|x64
		{9893B4F0-5A2E-3802-A5B3-D8C2E0E76B43}.RelWithDebInfo|x64.ActiveCfg = RelWithDebInfo|x64
		{9893B4F0-5A2E-3802-A5B3-D8C2E0E76B43}.RelWithDebInfo|x64.Build.0 = RelWithDebInfo|x64
		{E21F8D5C-2CA2-34A7-B339-A2AD9912DCC8}.Debug|x64.ActiveCfg = Debug|x64
		{E21F8D5C-2CA2-34A7-B339-A2AD9912DCC8}.Debug|x64.Build.0 = Debug|x64
		{E21F8D5C-2CA2-34A7-B339-A2AD9912DCC8}.Release|x64.ActiveCfg = Release|x64
		{E21F8D5C-2CA2-34A7-B339-A2AD9912DCC8}.Release|x64.Build.0 = Release|x64
		{E21F8D5C-2CA2-34A7-B339-A2AD9912DCC8}.MinSizeRel|x64.ActiveCfg = MinSizeRel|x64
		{E21F8D5C-2CA2-34A7-B339-A2AD9912DCC8}.MinSizeRel|x64.Build.0 = MinSizeRel|x64
		{E21F8D5C-2CA2-34A7-B339-A2AD9912DCC8}.RelWithDebInfo|x64.ActiveCfg = RelWithDebInfo|x64
		{E21F8D5C-2CA2-34A7-B339-A2AD9912DCC8}.RelWithDebInfo|x64.Build.0 = RelWithDebInfo|x64
		{EABD6BE4-2FB6-3E3D-BBBB-A955ACB32FE9}.Debug|x64.ActiveCfg = Debug|x64
		{EABD6BE4-2FB6-3E3D-BBBB-A955ACB32FE9}.Debug|x64.Build.0 = Debug|x64
		{EABD6BE4-2FB6-3E3D-BBBB-A955ACB32FE9}.Release|x64.ActiveCfg = Release|x64
		{EABD6BE4-2FB6-3E3D-BBBB-A955ACB32FE9}.Release|x64.Build.0 = Release|x64
		{EABD6BE4-2FB6-3E3D-BBBB-A955ACB32FE9}.MinSizeRel|x64.ActiveCfg = MinSizeRel|x64
		{EABD6BE4-2FB6-3E3D-BBBB-A955ACB32FE9}.MinSizeRel|x64.Build.0 = MinSizeRel|x64
		{EABD6BE4-2FB6-3E3D-BBBB-A955ACB32FE9}.RelWithDebInfo|x64.ActiveCfg = RelWithDebInfo|x64
		{EABD6BE4-2FB6-3E3D-BBBB-A955ACB32FE9}.RelWithDebInfo|x64.Build.0 = RelWithDebInfo|x64
		{20C7F135-90BE-379F-BB0A-091ED4332515}.Debug|x64.ActiveCfg = Debug|x64
		{20C7F135-90BE-379F-BB0A-091ED4332515}.Debug|x64.Build.0 = Debug|x64
		{20C7F135-90BE-379F-BB0A-091ED4332515}.Release|x64.ActiveCfg = Release|x64
		{20C7F135-90BE-379F-BB0A-091ED4332515}.Release|x64.Build.0 = Release|x64
		{20C7F135-90BE-379F-BB0A-091ED4332515}.MinSizeRel|x64.ActiveCfg = MinSizeRel|x64
		{20C7F135-90BE-379F-BB0A-091ED4332515}.MinSizeRel|x64.Build.0 = MinSizeRel|x64
		{20C7F135-90BE-379F-BB0A-091ED4332515}.RelWithDebInfo|x64.ActiveCfg = RelWithDebInfo|x64
		{20C7F135-90BE-379F-BB0A-091ED4332515}.RelWithDebInfo|x64.Build.0 = RelWithDebInfo|x64
		{5CA7D857-F148-31EE-BF7B-558F16097FD2}.Debug|x64.ActiveCfg = Debug|x64
		{5CA7D857-F148-31EE-BF7B-558F16097FD2}.Debug|x64.Build.0 = Debug|x64
		{5CA7D857-F148-31EE-BF7B-558F16097FD2}.Release|x64.ActiveCfg = Release|x64
		{5CA7D857-F148-31EE-BF7B-558F16097FD2}.Release|x64.Build.0 = Release|x64
		{5CA7D857-F148-31EE-BF7B-558F16097FD2}.MinSizeRel|x64.ActiveCfg = MinSizeRel|x64
		{5CA7D857-F148-31EE-BF7B-558F16097FD2}.MinSizeRel|x64.Build.0 = MinSizeRel|x64
		{5CA7D857-F148-31EE-BF7B-558F16097FD2}.RelWithDebInfo|x64.ActiveCfg = RelWithDebInfo|x64
		{5CA7D857-F148-31EE-BF7B-558F16097FD2}.RelWithDebInfo|x64.Build.0 = RelWithDebInfo|x64
		{05486F9D-ECFE-3F89-AA64-D2AA28F8FFB8}.Debug|x64.ActiveCfg = Debug|x64
		{05486F9D-ECFE-3F89-AA64-D2AA28F8FFB8}.Debug|x64.Build.0 = Debug|x64
		{05486F9D-ECFE-3F89-AA64-D2AA28F8FFB8}.Release|x64.ActiveCfg = Release|x64
		{05486F9D-ECFE-3F89-AA64-D2AA28F8FFB8}.Release|x64.Build.0 = Release|x64
		{05486F9D-ECFE-3F89-AA64-D2AA28F8FFB8}.MinSizeRel|x64.ActiveCfg = MinSizeRel|x64
		{05486F9D-ECFE-3F89-AA64-D2AA28F8FFB8}.MinSizeRel|x64.Build.0 = MinSizeRel|x64
		{05486F9D-ECFE-3F89-AA64-D2AA28F8FFB8}.RelWithDebInfo|x64.ActiveCfg = RelWithDebInfo|x64
		{05486F9D-ECFE-3F89-AA64-D2AA28F8FFB8}.RelWithDebInfo|x64.Build.0 = RelWithDebInfo|x64
		{9C7E3D02-876E-3A2E-854F-1A05A8258128}.Debug|x64.ActiveCfg = Debug|x64
		{9C7E3D02-876E-3A2E-854F-1A05A8258128}.Debug|x64.Build.0 = Debug|x64
		{9C7E3D02-876E-3A2E-854F-1A05A8258128}.Release|x64.ActiveCfg = Release|x64
		{9C7E3D02-876E-3A2E-854F-1A05A8258128}.Release|x64.Build.0 = Release|x64
		{9C7E3D02-876E-3A2E-854F-1A05A8258128}.MinSizeRel|x64.ActiveCfg = MinSizeRel|x64
		{9C7E3D02-876E-3A2E-854F-1A05A8258128}.MinSizeRel|x64.Build.0 = MinSizeRel|x64
		{9C7E3D02-876E-3A2E-854F-1A05A8258128}.RelWithDebInfo|x64.ActiveCfg = RelWithDebInfo|x64
		{9C7E3D02-876E-3A2E-854F-1A05A8258128}.RelWithDebInfo|x64.Build.0 = RelWithDebInfo|x64
		{7AB3EE7D-AA9C-3E3D-8357-DE918F9E099E}.Debug|x64.ActiveCfg = Debug|x64
		{7AB3EE7D-AA9C-3E3D-8357-DE918F9E099E}.Debug|x64.Build.0 = Debug|x64
		{7AB3EE7D-AA9C-3E3D-8357-DE918F9E099E}.Release|x64.ActiveCfg = Release|x64
		{7AB3EE7D-AA9C-3E3D-8357-DE918F9E099E}.Release|x64.Build.0 = Release|x64
		{7AB3EE7D-AA9C-3E3D-8357-DE918F9E099E}.MinSizeRel|x64.ActiveCfg = MinSizeRel|x64
		{7AB3EE7D-AA9C-3E3D-8357-DE918F9E099E}.MinSizeRel|x64.Build.0 = MinSizeRel|x64
		{7AB3EE7D-AA9C-3E3D-8357-DE918F9E099E}.RelWithDebInfo|x64.ActiveCfg = RelWithDebInfo|x64
		{7AB3EE7D-AA9C-3E3D-8357-DE918F9E099E}.RelWithDebInfo|x64.Build.0 = RelWithDebInfo|x64
		{4D27E8F5-D46B-326B-B122-85E9B01F5634}.Debug|x64.ActiveCfg = Debug|x64
		{4D27E8F5-D46B-326B-B122-85E9B01F5634}.Debug|x64.Build.0 = Debug|x64
		{4D27E8F5-D46B-326B-B122-85E9B01F5634}.Release|x64.ActiveCfg = Release|x64
		{4D27E8F5-D46B-326B-B122-85E9B01F5634}.Release|x64.Build.0 = Release|x64
		{4D27E8F5-D46B-326B-B122-85E9B01F5634}.MinSizeRel|x64.ActiveCfg = MinSizeRel|x64
		{4D27E8F5-D46B-326B-B122-85E9B01F5634}.MinSizeRel|x64.Build.0 = MinSizeRel|x64
		{4D27E8F5-D46B-326B-B122-85E9B01F5634}.RelWithDebInfo|x64.ActiveCfg = RelWithDebInfo|x64
		{4D27E8F5-D46B-326B-B122-85E9B01F5634}.RelWithDebInfo|x64.Build.0 = RelWithDebInfo|x64
		{3864B769-CF1E-3249-8BF4-E6F41A83D2AD}.Debug|x64.ActiveCfg = Debug|x64
		{3864B769-CF1E-3249-8BF4-E6F41A83D2AD}.Debug|x64.Build.0 = Debug|x64
		{3864B769-CF1E-3249-8BF4-E6F41A83D2AD}.Release|x64.ActiveCfg = Release|x64
		{3864B769-CF1E-3249-8BF4-E6F41A83D2AD}.Release|x64.Build.0 = Release|x64
		{3864B769-CF1E-3249-8BF4-E6F41A83D2AD}.MinSizeRel|x64.ActiveCfg = MinSizeRel|x64
		{3864B769-CF1E-3249-8BF4-E6F41A83D2AD}.MinSizeRel|x64.Build.0 = MinSizeRel|x64
		{3864B769-CF1E-3249-8BF4-E6F41A83D2AD}.RelWithDebInfo|x64.ActiveCfg = RelWithDebInfo|x64
		{3864B769-CF1E-3249-8BF4-E6F41A83D2AD}.RelWithDebInfo|x64.Build.0 = RelWithDebInfo|x64
		{DFF3F55A-66A1-3D25-B0AC-A3AA1832C2C2}.Debug|x64.ActiveCfg = Debug|x64
		{DFF3F55A-66A1-3D25-B0AC-A3AA1832C2C2}.Debug|x64.Build.0 = Debug|x64
		{DFF3F55A-66A1-3D25-B0AC-A3AA1832C2C2}.Release|x64.ActiveCfg = Release|x64
		{DFF3F55A-66A1-3D25-B0AC-A3AA1832C2C2}.Release|x64.Build.0 = Release|x64
		{DFF3F55A-66A1-3D25-B0AC-A3AA1832C2C2}.MinSizeRel|x64.ActiveCfg = MinSizeRel|x64
		{DFF3F55A-66A1-3D25-B0AC-A3AA1832C2C2}.MinSizeRel|x64.Build.0 = MinSizeRel|x64
		{DFF3F55A-66A1-3D25-B0AC-A3AA1832C2C2}.RelWithDebInfo|x64.ActiveCfg = RelWithDebInfo|x64
		{DFF3F55A-66A1-3D25-B0AC-A3AA1832C2C2}.RelWithDebInfo|x64.Build.0 = RelWithDebInfo|x64
		{43FD98C0-B4E8-3B8C-9246-E587E7E730C3}.Debug|x64.ActiveCfg = Debug|x64
		{43FD98C0-B4E8-3B8C-9246-E587E7E730C3}.Debug|x64.Build.0 = Debug|x64
		{43FD98C0-B4E8-3B8C-9246-E587E7E730C3}.Release|x64.ActiveCfg = Release|x64
		{43FD98C0-B4E8-3B8C-9246-E587E7E730C3}.Release|x64.Build.0 = Release|x64
		{43FD98C0-B4E8-3B8C-9246-E587E7E730C3}.MinSizeRel|x64.ActiveCfg = MinSizeRel|x64
		{43FD98C0-B4E8-3B8C-9246-E587E7E730C3}.MinSizeRel|x64.Build.0 = MinSizeRel|x64
		{43FD98C0-B4E8-3B8C-9246-E587E7E730C3}.RelWithDebInfo|x64.ActiveCfg = RelWithDebInfo|x64
		{43FD98C0-B4E8-3B8C-9246-E587E7E730C3}.RelWithDebInfo|x64.Build.0 = RelWithDebInfo|x64
	EndGlobalSection
	GlobalSection(ExtensibilityGlobals) = postSolution
		SolutionGuid = {F6A90607-F175-37AA-BE13-F5F4FA2340D2}
	EndGlobalSection
	GlobalSection(ExtensibilityAddIns) = postSolution
	EndGlobalSection
EndGlobal
