<?xml version="1.0" encoding="utf-8"?>
<Project ToolsVersion="17.0" xmlns="http://schemas.microsoft.com/developer/msbuild/2003">
  <ItemGroup>
    <CustomBuild Include="C:\development\dxx-redux\d1\CMakeFiles\8cf357175b36b77de9961d6274745d69\INSTALL_force.rule">
      <Filter>CMake Rules</Filter>
    </CustomBuild>
  </ItemGroup>
  <ItemGroup>
    <Filter Include="CMake Rules">
      <UniqueIdentifier>{D4E0B72A-356B-3F18-AEBE-7DAFF04B213A}</UniqueIdentifier>
    </Filter>
  </ItemGroup>
</Project>
