<?xml version="1.0" encoding="utf-8"?>
<Project ToolsVersion="17.0" xmlns="http://schemas.microsoft.com/developer/msbuild/2003">
  <ItemGroup>
    <ClCompile Include="C:\development\dxx-redux\d2\main\ai.c">
      <Filter>Source Files</Filter>
    </ClCompile>
    <ClCompile Include="C:\development\dxx-redux\d2\main\ai2.c">
      <Filter>Source Files</Filter>
    </ClCompile>
    <ClCompile Include="C:\development\dxx-redux\d2\main\aipath.c">
      <Filter>Source Files</Filter>
    </ClCompile>
    <ClCompile Include="C:\development\dxx-redux\d2\main\automap.c">
      <Filter>Source Files</Filter>
    </ClCompile>
    <ClCompile Include="C:\development\dxx-redux\d2\main\bm.c">
      <Filter>Source Files</Filter>
    </ClCompile>
    <ClCompile Include="C:\development\dxx-redux\d2\main\cntrlcen.c">
      <Filter>Source Files</Filter>
    </ClCompile>
    <ClCompile Include="C:\development\dxx-redux\d2\main\collide.c">
      <Filter>Source Files</Filter>
    </ClCompile>
    <ClCompile Include="C:\development\dxx-redux\d2\main\config.c">
      <Filter>Source Files</Filter>
    </ClCompile>
    <ClCompile Include="C:\development\dxx-redux\d2\main\console.c">
      <Filter>Source Files</Filter>
    </ClCompile>
    <ClCompile Include="C:\development\dxx-redux\d2\main\controls.c">
      <Filter>Source Files</Filter>
    </ClCompile>
    <ClCompile Include="C:\development\dxx-redux\d2\main\credits.c">
      <Filter>Source Files</Filter>
    </ClCompile>
    <ClCompile Include="C:\development\dxx-redux\d2\main\digiobj.c">
      <Filter>Source Files</Filter>
    </ClCompile>
    <ClCompile Include="C:\development\dxx-redux\d2\main\dumpmine.c">
      <Filter>Source Files</Filter>
    </ClCompile>
    <ClCompile Include="C:\development\dxx-redux\d2\main\effects.c">
      <Filter>Source Files</Filter>
    </ClCompile>
    <ClCompile Include="C:\development\dxx-redux\d2\main\endlevel.c">
      <Filter>Source Files</Filter>
    </ClCompile>
    <ClCompile Include="C:\development\dxx-redux\d2\main\escort.c">
      <Filter>Source Files</Filter>
    </ClCompile>
    <ClCompile Include="C:\development\dxx-redux\d2\main\fireball.c">
      <Filter>Source Files</Filter>
    </ClCompile>
    <ClCompile Include="C:\development\dxx-redux\d2\main\fuelcen.c">
      <Filter>Source Files</Filter>
    </ClCompile>
    <ClCompile Include="C:\development\dxx-redux\d2\main\fvi.c">
      <Filter>Source Files</Filter>
    </ClCompile>
    <ClCompile Include="C:\development\dxx-redux\d2\main\game.c">
      <Filter>Source Files</Filter>
    </ClCompile>
    <ClCompile Include="C:\development\dxx-redux\d2\main\gamecntl.c">
      <Filter>Source Files</Filter>
    </ClCompile>
    <ClCompile Include="C:\development\dxx-redux\d2\main\gamefont.c">
      <Filter>Source Files</Filter>
    </ClCompile>
    <ClCompile Include="C:\development\dxx-redux\d2\main\gamemine.c">
      <Filter>Source Files</Filter>
    </ClCompile>
    <ClCompile Include="C:\development\dxx-redux\d2\main\gamepal.c">
      <Filter>Source Files</Filter>
    </ClCompile>
    <ClCompile Include="C:\development\dxx-redux\d2\main\gamerend.c">
      <Filter>Source Files</Filter>
    </ClCompile>
    <ClCompile Include="C:\development\dxx-redux\d2\main\gamesave.c">
      <Filter>Source Files</Filter>
    </ClCompile>
    <ClCompile Include="C:\development\dxx-redux\d2\main\gameseg.c">
      <Filter>Source Files</Filter>
    </ClCompile>
    <ClCompile Include="C:\development\dxx-redux\d2\main\gameseq.c">
      <Filter>Source Files</Filter>
    </ClCompile>
    <ClCompile Include="C:\development\dxx-redux\d2\main\gauges.c">
      <Filter>Source Files</Filter>
    </ClCompile>
    <ClCompile Include="C:\development\dxx-redux\d2\main\hostage.c">
      <Filter>Source Files</Filter>
    </ClCompile>
    <ClCompile Include="C:\development\dxx-redux\d2\main\hud.c">
      <Filter>Source Files</Filter>
    </ClCompile>
    <ClCompile Include="C:\development\dxx-redux\d2\main\inferno.c">
      <Filter>Source Files</Filter>
    </ClCompile>
    <ClCompile Include="C:\development\dxx-redux\d2\main\kconfig.c">
      <Filter>Source Files</Filter>
    </ClCompile>
    <ClCompile Include="C:\development\dxx-redux\d2\main\kmatrix.c">
      <Filter>Source Files</Filter>
    </ClCompile>
    <ClCompile Include="C:\development\dxx-redux\d2\main\laser.c">
      <Filter>Source Files</Filter>
    </ClCompile>
    <ClCompile Include="C:\development\dxx-redux\d2\main\lighting.c">
      <Filter>Source Files</Filter>
    </ClCompile>
    <ClCompile Include="C:\development\dxx-redux\d2\main\menu.c">
      <Filter>Source Files</Filter>
    </ClCompile>
    <ClCompile Include="C:\development\dxx-redux\d2\main\mglobal.c">
      <Filter>Source Files</Filter>
    </ClCompile>
    <ClCompile Include="C:\development\dxx-redux\d2\main\mission.c">
      <Filter>Source Files</Filter>
    </ClCompile>
    <ClCompile Include="C:\development\dxx-redux\d2\main\morph.c">
      <Filter>Source Files</Filter>
    </ClCompile>
    <ClCompile Include="C:\development\dxx-redux\d2\main\movie.c">
      <Filter>Source Files</Filter>
    </ClCompile>
    <ClCompile Include="C:\development\dxx-redux\d2\main\multi.c">
      <Filter>Source Files</Filter>
    </ClCompile>
    <ClCompile Include="C:\development\dxx-redux\d2\main\multibot.c">
      <Filter>Source Files</Filter>
    </ClCompile>
    <ClCompile Include="C:\development\dxx-redux\d2\main\newdemo.c">
      <Filter>Source Files</Filter>
    </ClCompile>
    <ClCompile Include="C:\development\dxx-redux\d2\main\newmenu.c">
      <Filter>Source Files</Filter>
    </ClCompile>
    <ClCompile Include="C:\development\dxx-redux\d2\main\object.c">
      <Filter>Source Files</Filter>
    </ClCompile>
    <ClCompile Include="C:\development\dxx-redux\d2\main\paging.c">
      <Filter>Source Files</Filter>
    </ClCompile>
    <ClCompile Include="C:\development\dxx-redux\d2\main\physics.c">
      <Filter>Source Files</Filter>
    </ClCompile>
    <ClCompile Include="C:\development\dxx-redux\d2\main\piggy.c">
      <Filter>Source Files</Filter>
    </ClCompile>
    <ClCompile Include="C:\development\dxx-redux\d2\main\player.c">
      <Filter>Source Files</Filter>
    </ClCompile>
    <ClCompile Include="C:\development\dxx-redux\d2\main\playsave.c">
      <Filter>Source Files</Filter>
    </ClCompile>
    <ClCompile Include="C:\development\dxx-redux\d2\main\polyobj.c">
      <Filter>Source Files</Filter>
    </ClCompile>
    <ClCompile Include="C:\development\dxx-redux\d2\main\powerup.c">
      <Filter>Source Files</Filter>
    </ClCompile>
    <ClCompile Include="C:\development\dxx-redux\d2\main\render.c">
      <Filter>Source Files</Filter>
    </ClCompile>
    <ClCompile Include="C:\development\dxx-redux\d2\main\robot.c">
      <Filter>Source Files</Filter>
    </ClCompile>
    <ClCompile Include="C:\development\dxx-redux\d2\main\scores.c">
      <Filter>Source Files</Filter>
    </ClCompile>
    <ClCompile Include="C:\development\dxx-redux\d2\main\segment.c">
      <Filter>Source Files</Filter>
    </ClCompile>
    <ClCompile Include="C:\development\dxx-redux\d2\main\slew.c">
      <Filter>Source Files</Filter>
    </ClCompile>
    <ClCompile Include="C:\development\dxx-redux\d2\main\songs.c">
      <Filter>Source Files</Filter>
    </ClCompile>
    <ClCompile Include="C:\development\dxx-redux\d2\main\state.c">
      <Filter>Source Files</Filter>
    </ClCompile>
    <ClCompile Include="C:\development\dxx-redux\d2\main\switch.c">
      <Filter>Source Files</Filter>
    </ClCompile>
    <ClCompile Include="C:\development\dxx-redux\d2\main\terrain.c">
      <Filter>Source Files</Filter>
    </ClCompile>
    <ClCompile Include="C:\development\dxx-redux\d2\main\texmerge.c">
      <Filter>Source Files</Filter>
    </ClCompile>
    <ClCompile Include="C:\development\dxx-redux\d2\main\text.c">
      <Filter>Source Files</Filter>
    </ClCompile>
    <ClCompile Include="C:\development\dxx-redux\d2\main\titles.c">
      <Filter>Source Files</Filter>
    </ClCompile>
    <ClCompile Include="C:\development\dxx-redux\d2\main\vclip.c">
      <Filter>Source Files</Filter>
    </ClCompile>
    <ClCompile Include="C:\development\dxx-redux\d2\main\wall.c">
      <Filter>Source Files</Filter>
    </ClCompile>
    <ClCompile Include="C:\development\dxx-redux\d2\main\weapon.c">
      <Filter>Source Files</Filter>
    </ClCompile>
    <ClCompile Include="C:\development\dxx-redux\d2\main\net_udp.c">
      <Filter>Source Files</Filter>
    </ClCompile>
    <ClCompile Include="C:\development\dxx-redux\d2\main\vers_id.c">
      <Filter>Source Files</Filter>
    </ClCompile>
  </ItemGroup>
  <ItemGroup>
    <CustomBuild Include="C:\development\dxx-redux\d2\main\CMakeLists.txt" />
  </ItemGroup>
  <ItemGroup>
    <None Include="C:\development\dxx-redux\d2\arch\win32\d2x-rebirth.ico" />
  </ItemGroup>
  <ItemGroup>
    <ResourceCompile Include="C:\development\dxx-redux\d2\arch\win32\d2x-rebirth.rc">
      <Filter>Source Files</Filter>
    </ResourceCompile>
  </ItemGroup>
  <ItemGroup>
    <Filter Include="Source Files">
      <UniqueIdentifier>{04867677-F279-32C4-96D1-F33714B776F8}</UniqueIdentifier>
    </Filter>
  </ItemGroup>
</Project>
