<?xml version="1.0" encoding="utf-8"?>
<Project ToolsVersion="17.0" xmlns="http://schemas.microsoft.com/developer/msbuild/2003">
  <ItemGroup>
    <ClCompile Include="C:\development\dxx-redux\d1\2d\2dsline.c">
      <Filter>Source Files</Filter>
    </ClCompile>
    <ClCompile Include="C:\development\dxx-redux\d1\2d\bitblt.c">
      <Filter>Source Files</Filter>
    </ClCompile>
    <ClCompile Include="C:\development\dxx-redux\d1\2d\bitmap.c">
      <Filter>Source Files</Filter>
    </ClCompile>
    <ClCompile Include="C:\development\dxx-redux\d1\2d\box.c">
      <Filter>Source Files</Filter>
    </ClCompile>
    <ClCompile Include="C:\development\dxx-redux\d1\2d\canvas.c">
      <Filter>Source Files</Filter>
    </ClCompile>
    <ClCompile Include="C:\development\dxx-redux\d1\2d\circle.c">
      <Filter>Source Files</Filter>
    </ClCompile>
    <ClCompile Include="C:\development\dxx-redux\d1\2d\disc.c">
      <Filter>Source Files</Filter>
    </ClCompile>
    <ClCompile Include="C:\development\dxx-redux\d1\2d\font.c">
      <Filter>Source Files</Filter>
    </ClCompile>
    <ClCompile Include="C:\development\dxx-redux\d1\2d\gpixel.c">
      <Filter>Source Files</Filter>
    </ClCompile>
    <ClCompile Include="C:\development\dxx-redux\d1\2d\line.c">
      <Filter>Source Files</Filter>
    </ClCompile>
    <ClCompile Include="C:\development\dxx-redux\d1\2d\palette.c">
      <Filter>Source Files</Filter>
    </ClCompile>
    <ClCompile Include="C:\development\dxx-redux\d1\2d\pcx.c">
      <Filter>Source Files</Filter>
    </ClCompile>
    <ClCompile Include="C:\development\dxx-redux\d1\2d\pixel.c">
      <Filter>Source Files</Filter>
    </ClCompile>
    <ClCompile Include="C:\development\dxx-redux\d1\2d\rect.c">
      <Filter>Source Files</Filter>
    </ClCompile>
    <ClCompile Include="C:\development\dxx-redux\d1\2d\rle.c">
      <Filter>Source Files</Filter>
    </ClCompile>
    <ClCompile Include="C:\development\dxx-redux\d1\2d\scalec.c">
      <Filter>Source Files</Filter>
    </ClCompile>
  </ItemGroup>
  <ItemGroup>
    <CustomBuild Include="C:\development\dxx-redux\d1\2d\CMakeLists.txt" />
  </ItemGroup>
  <ItemGroup>
    <Filter Include="Source Files">
      <UniqueIdentifier>{A4C8D66D-B4EC-32FD-8CD5-BE40F764A836}</UniqueIdentifier>
    </Filter>
  </ItemGroup>
</Project>
