
Microsoft Visual Studio Solution File, Format Version 12.00
# Visual Studio Version 17
Project("{8BC9CEB8-8B4A-11D0-8D11-00A0C91BC942}") = "ALL_BUILD", "ALL_BUILD.vcxproj", "{31781F1C-AFD2-3D5D-B0E7-71B920DDB26D}"
	ProjectSection(ProjectDependencies) = postProject
		{C7AFD28F-38AB-36B4-B2AB-B8B0F9583BD5} = {C7AFD28F-38AB-36B4-B2AB-B8B0F9583BD5}
		{7F9088AC-2E42-3720-9023-E2C4F4B9FFF8} = {7F9088AC-2E42-3720-9023-E2C4F4B9FFF8}
		{F7FE87B9-F245-3D44-90BD-960D9629B1EC} = {F7FE87B9-F245-3D44-90BD-960D9629B1EC}
		{ADBF2E38-CC05-33D0-A86C-7AB06B50E87D} = {ADBF2E38-CC05-33D0-A86C-7AB06B50E87D}
		{461C62DB-941F-3CC9-8DCF-40ADD2129D42} = {461C62DB-941F-3CC9-8DCF-40ADD2129D42}
		{1F864962-966E-3ACE-8A5E-2F8F52EB61D4} = {1F864962-966E-3ACE-8A5E-2F8F52EB61D4}
		{A3169CDF-8185-310D-B7E8-B6637CD2531F} = {A3169CDF-8185-310D-B7E8-B6637CD2531F}
		{F95231F6-B9AC-3A6D-A625-0B8D9AEB06A0} = {F95231F6-B9AC-3A6D-A625-0B8D9AEB06A0}
		{0EA0E9A6-89A0-347D-8D55-81B4EFD7FEF0} = {0EA0E9A6-89A0-347D-8D55-81B4EFD7FEF0}
		{B3034AF1-EC7D-3A52-B157-48103CAFB71E} = {B3034AF1-EC7D-3A52-B157-48103CAFB71E}
		{4BC910E1-8E3E-3C3B-9E4D-5C125A3D3DB0} = {4BC910E1-8E3E-3C3B-9E4D-5C125A3D3DB0}
		{34D49F0C-EAEE-31CA-9C01-EE7036026639} = {34D49F0C-EAEE-31CA-9C01-EE7036026639}
		{838DF143-4EE8-3834-B2F5-1E29C643EDCD} = {838DF143-4EE8-3834-B2F5-1E29C643EDCD}
	EndProjectSection
EndProject
Project("{8BC9CEB8-8B4A-11D0-8D11-00A0C91BC942}") = "2d", "2d\2d.vcxproj", "{C7AFD28F-38AB-36B4-B2AB-B8B0F9583BD5}"
	ProjectSection(ProjectDependencies) = postProject
		{F7FE87B9-F245-3D44-90BD-960D9629B1EC} = {F7FE87B9-F245-3D44-90BD-960D9629B1EC}
	EndProjectSection
EndProject
Project("{8BC9CEB8-8B4A-11D0-8D11-00A0C91BC942}") = "3d", "3d\3d.vcxproj", "{7F9088AC-2E42-3720-9023-E2C4F4B9FFF8}"
	ProjectSection(ProjectDependencies) = postProject
		{F7FE87B9-F245-3D44-90BD-960D9629B1EC} = {F7FE87B9-F245-3D44-90BD-960D9629B1EC}
	EndProjectSection
EndProject
Project("{8BC9CEB8-8B4A-11D0-8D11-00A0C91BC942}") = "INSTALL", "INSTALL.vcxproj", "{B9A2B7E4-DF07-3734-B2FA-6EDD07A45802}"
	ProjectSection(ProjectDependencies) = postProject
		{31781F1C-AFD2-3D5D-B0E7-71B920DDB26D} = {31781F1C-AFD2-3D5D-B0E7-71B920DDB26D}
		{F7FE87B9-F245-3D44-90BD-960D9629B1EC} = {F7FE87B9-F245-3D44-90BD-960D9629B1EC}
	EndProjectSection
EndProject
Project("{8BC9CEB8-8B4A-11D0-8D11-00A0C91BC942}") = "ZERO_CHECK", "ZERO_CHECK.vcxproj", "{F7FE87B9-F245-3D44-90BD-960D9629B1EC}"
	ProjectSection(ProjectDependencies) = postProject
	EndProjectSection
EndProject
Project("{8BC9CEB8-8B4A-11D0-8D11-00A0C91BC942}") = "arch_ogl", "arch\ogl\arch_ogl.vcxproj", "{ADBF2E38-CC05-33D0-A86C-7AB06B50E87D}"
	ProjectSection(ProjectDependencies) = postProject
		{F7FE87B9-F245-3D44-90BD-960D9629B1EC} = {F7FE87B9-F245-3D44-90BD-960D9629B1EC}
	EndProjectSection
EndProject
Project("{8BC9CEB8-8B4A-11D0-8D11-00A0C91BC942}") = "arch_sdl", "arch\sdl\arch_sdl.vcxproj", "{461C62DB-941F-3CC9-8DCF-40ADD2129D42}"
	ProjectSection(ProjectDependencies) = postProject
		{F7FE87B9-F245-3D44-90BD-960D9629B1EC} = {F7FE87B9-F245-3D44-90BD-960D9629B1EC}
	EndProjectSection
EndProject
Project("{8BC9CEB8-8B4A-11D0-8D11-00A0C91BC942}") = "arch_win32", "arch\win32\arch_win32.vcxproj", "{1F864962-966E-3ACE-8A5E-2F8F52EB61D4}"
	ProjectSection(ProjectDependencies) = postProject
		{F7FE87B9-F245-3D44-90BD-960D9629B1EC} = {F7FE87B9-F245-3D44-90BD-960D9629B1EC}
	EndProjectSection
EndProject
Project("{8BC9CEB8-8B4A-11D0-8D11-00A0C91BC942}") = "d1x-redux", "main\d1x-redux.vcxproj", "{A3169CDF-8185-310D-B7E8-B6637CD2531F}"
	ProjectSection(ProjectDependencies) = postProject
		{C7AFD28F-38AB-36B4-B2AB-B8B0F9583BD5} = {C7AFD28F-38AB-36B4-B2AB-B8B0F9583BD5}
		{7F9088AC-2E42-3720-9023-E2C4F4B9FFF8} = {7F9088AC-2E42-3720-9023-E2C4F4B9FFF8}
		{F7FE87B9-F245-3D44-90BD-960D9629B1EC} = {F7FE87B9-F245-3D44-90BD-960D9629B1EC}
		{ADBF2E38-CC05-33D0-A86C-7AB06B50E87D} = {ADBF2E38-CC05-33D0-A86C-7AB06B50E87D}
		{461C62DB-941F-3CC9-8DCF-40ADD2129D42} = {461C62DB-941F-3CC9-8DCF-40ADD2129D42}
		{1F864962-966E-3ACE-8A5E-2F8F52EB61D4} = {1F864962-966E-3ACE-8A5E-2F8F52EB61D4}
		{F95231F6-B9AC-3A6D-A625-0B8D9AEB06A0} = {F95231F6-B9AC-3A6D-A625-0B8D9AEB06A0}
		{0EA0E9A6-89A0-347D-8D55-81B4EFD7FEF0} = {0EA0E9A6-89A0-347D-8D55-81B4EFD7FEF0}
		{B3034AF1-EC7D-3A52-B157-48103CAFB71E} = {B3034AF1-EC7D-3A52-B157-48103CAFB71E}
		{4BC910E1-8E3E-3C3B-9E4D-5C125A3D3DB0} = {4BC910E1-8E3E-3C3B-9E4D-5C125A3D3DB0}
		{34D49F0C-EAEE-31CA-9C01-EE7036026639} = {34D49F0C-EAEE-31CA-9C01-EE7036026639}
		{838DF143-4EE8-3834-B2F5-1E29C643EDCD} = {838DF143-4EE8-3834-B2F5-1E29C643EDCD}
	EndProjectSection
EndProject
Project("{8BC9CEB8-8B4A-11D0-8D11-00A0C91BC942}") = "iff", "iff\iff.vcxproj", "{F95231F6-B9AC-3A6D-A625-0B8D9AEB06A0}"
	ProjectSection(ProjectDependencies) = postProject
		{F7FE87B9-F245-3D44-90BD-960D9629B1EC} = {F7FE87B9-F245-3D44-90BD-960D9629B1EC}
	EndProjectSection
EndProject
Project("{8BC9CEB8-8B4A-11D0-8D11-00A0C91BC942}") = "maths", "maths\maths.vcxproj", "{0EA0E9A6-89A0-347D-8D55-81B4EFD7FEF0}"
	ProjectSection(ProjectDependencies) = postProject
		{F7FE87B9-F245-3D44-90BD-960D9629B1EC} = {F7FE87B9-F245-3D44-90BD-960D9629B1EC}
	EndProjectSection
EndProject
Project("{8BC9CEB8-8B4A-11D0-8D11-00A0C91BC942}") = "mem", "mem\mem.vcxproj", "{B3034AF1-EC7D-3A52-B157-48103CAFB71E}"
	ProjectSection(ProjectDependencies) = postProject
		{F7FE87B9-F245-3D44-90BD-960D9629B1EC} = {F7FE87B9-F245-3D44-90BD-960D9629B1EC}
	EndProjectSection
EndProject
Project("{8BC9CEB8-8B4A-11D0-8D11-00A0C91BC942}") = "misc", "misc\misc.vcxproj", "{4BC910E1-8E3E-3C3B-9E4D-5C125A3D3DB0}"
	ProjectSection(ProjectDependencies) = postProject
		{F7FE87B9-F245-3D44-90BD-960D9629B1EC} = {F7FE87B9-F245-3D44-90BD-960D9629B1EC}
	EndProjectSection
EndProject
Project("{8BC9CEB8-8B4A-11D0-8D11-00A0C91BC942}") = "texmap", "texmap\texmap.vcxproj", "{34D49F0C-EAEE-31CA-9C01-EE7036026639}"
	ProjectSection(ProjectDependencies) = postProject
		{F7FE87B9-F245-3D44-90BD-960D9629B1EC} = {F7FE87B9-F245-3D44-90BD-960D9629B1EC}
	EndProjectSection
EndProject
Project("{8BC9CEB8-8B4A-11D0-8D11-00A0C91BC942}") = "xmodel", "xmodel\xmodel.vcxproj", "{838DF143-4EE8-3834-B2F5-1E29C643EDCD}"
	ProjectSection(ProjectDependencies) = postProject
		{F7FE87B9-F245-3D44-90BD-960D9629B1EC} = {F7FE87B9-F245-3D44-90BD-960D9629B1EC}
	EndProjectSection
EndProject
Global
	GlobalSection(SolutionConfigurationPlatforms) = preSolution
		Debug|x64 = Debug|x64
		Release|x64 = Release|x64
		MinSizeRel|x64 = MinSizeRel|x64
		RelWithDebInfo|x64 = RelWithDebInfo|x64
	EndGlobalSection
	GlobalSection(ProjectConfigurationPlatforms) = postSolution
		{31781F1C-AFD2-3D5D-B0E7-71B920DDB26D}.Debug|x64.ActiveCfg = Debug|x64
		{31781F1C-AFD2-3D5D-B0E7-71B920DDB26D}.Debug|x64.Build.0 = Debug|x64
		{31781F1C-AFD2-3D5D-B0E7-71B920DDB26D}.Release|x64.ActiveCfg = Release|x64
		{31781F1C-AFD2-3D5D-B0E7-71B920DDB26D}.Release|x64.Build.0 = Release|x64
		{31781F1C-AFD2-3D5D-B0E7-71B920DDB26D}.MinSizeRel|x64.ActiveCfg = MinSizeRel|x64
		{31781F1C-AFD2-3D5D-B0E7-71B920DDB26D}.MinSizeRel|x64.Build.0 = MinSizeRel|x64
		{31781F1C-AFD2-3D5D-B0E7-71B920DDB26D}.RelWithDebInfo|x64.ActiveCfg = RelWithDebInfo|x64
		{31781F1C-AFD2-3D5D-B0E7-71B920DDB26D}.RelWithDebInfo|x64.Build.0 = RelWithDebInfo|x64
		{C7AFD28F-38AB-36B4-B2AB-B8B0F9583BD5}.Debug|x64.ActiveCfg = Debug|x64
		{C7AFD28F-38AB-36B4-B2AB-B8B0F9583BD5}.Debug|x64.Build.0 = Debug|x64
		{C7AFD28F-38AB-36B4-B2AB-B8B0F9583BD5}.Release|x64.ActiveCfg = Release|x64
		{C7AFD28F-38AB-36B4-B2AB-B8B0F9583BD5}.Release|x64.Build.0 = Release|x64
		{C7AFD28F-38AB-36B4-B2AB-B8B0F9583BD5}.MinSizeRel|x64.ActiveCfg = MinSizeRel|x64
		{C7AFD28F-38AB-36B4-B2AB-B8B0F9583BD5}.MinSizeRel|x64.Build.0 = MinSizeRel|x64
		{C7AFD28F-38AB-36B4-B2AB-B8B0F9583BD5}.RelWithDebInfo|x64.ActiveCfg = RelWithDebInfo|x64
		{C7AFD28F-38AB-36B4-B2AB-B8B0F9583BD5}.RelWithDebInfo|x64.Build.0 = RelWithDebInfo|x64
		{7F9088AC-2E42-3720-9023-E2C4F4B9FFF8}.Debug|x64.ActiveCfg = Debug|x64
		{7F9088AC-2E42-3720-9023-E2C4F4B9FFF8}.Debug|x64.Build.0 = Debug|x64
		{7F9088AC-2E42-3720-9023-E2C4F4B9FFF8}.Release|x64.ActiveCfg = Release|x64
		{7F9088AC-2E42-3720-9023-E2C4F4B9FFF8}.Release|x64.Build.0 = Release|x64
		{7F9088AC-2E42-3720-9023-E2C4F4B9FFF8}.MinSizeRel|x64.ActiveCfg = MinSizeRel|x64
		{7F9088AC-2E42-3720-9023-E2C4F4B9FFF8}.MinSizeRel|x64.Build.0 = MinSizeRel|x64
		{7F9088AC-2E42-3720-9023-E2C4F4B9FFF8}.RelWithDebInfo|x64.ActiveCfg = RelWithDebInfo|x64
		{7F9088AC-2E42-3720-9023-E2C4F4B9FFF8}.RelWithDebInfo|x64.Build.0 = RelWithDebInfo|x64
		{B9A2B7E4-DF07-3734-B2FA-6EDD07A45802}.Debug|x64.ActiveCfg = Debug|x64
		{B9A2B7E4-DF07-3734-B2FA-6EDD07A45802}.Release|x64.ActiveCfg = Release|x64
		{B9A2B7E4-DF07-3734-B2FA-6EDD07A45802}.MinSizeRel|x64.ActiveCfg = MinSizeRel|x64
		{B9A2B7E4-DF07-3734-B2FA-6EDD07A45802}.RelWithDebInfo|x64.ActiveCfg = RelWithDebInfo|x64
		{F7FE87B9-F245-3D44-90BD-960D9629B1EC}.Debug|x64.ActiveCfg = Debug|x64
		{F7FE87B9-F245-3D44-90BD-960D9629B1EC}.Debug|x64.Build.0 = Debug|x64
		{F7FE87B9-F245-3D44-90BD-960D9629B1EC}.Release|x64.ActiveCfg = Release|x64
		{F7FE87B9-F245-3D44-90BD-960D9629B1EC}.Release|x64.Build.0 = Release|x64
		{F7FE87B9-F245-3D44-90BD-960D9629B1EC}.MinSizeRel|x64.ActiveCfg = MinSizeRel|x64
		{F7FE87B9-F245-3D44-90BD-960D9629B1EC}.MinSizeRel|x64.Build.0 = MinSizeRel|x64
		{F7FE87B9-F245-3D44-90BD-960D9629B1EC}.RelWithDebInfo|x64.ActiveCfg = RelWithDebInfo|x64
		{F7FE87B9-F245-3D44-90BD-960D9629B1EC}.RelWithDebInfo|x64.Build.0 = RelWithDebInfo|x64
		{ADBF2E38-CC05-33D0-A86C-7AB06B50E87D}.Debug|x64.ActiveCfg = Debug|x64
		{ADBF2E38-CC05-33D0-A86C-7AB06B50E87D}.Debug|x64.Build.0 = Debug|x64
		{ADBF2E38-CC05-33D0-A86C-7AB06B50E87D}.Release|x64.ActiveCfg = Release|x64
		{ADBF2E38-CC05-33D0-A86C-7AB06B50E87D}.Release|x64.Build.0 = Release|x64
		{ADBF2E38-CC05-33D0-A86C-7AB06B50E87D}.MinSizeRel|x64.ActiveCfg = MinSizeRel|x64
		{ADBF2E38-CC05-33D0-A86C-7AB06B50E87D}.MinSizeRel|x64.Build.0 = MinSizeRel|x64
		{ADBF2E38-CC05-33D0-A86C-7AB06B50E87D}.RelWithDebInfo|x64.ActiveCfg = RelWithDebInfo|x64
		{ADBF2E38-CC05-33D0-A86C-7AB06B50E87D}.RelWithDebInfo|x64.Build.0 = RelWithDebInfo|x64
		{461C62DB-941F-3CC9-8DCF-40ADD2129D42}.Debug|x64.ActiveCfg = Debug|x64
		{461C62DB-941F-3CC9-8DCF-40ADD2129D42}.Debug|x64.Build.0 = Debug|x64
		{461C62DB-941F-3CC9-8DCF-40ADD2129D42}.Release|x64.ActiveCfg = Release|x64
		{461C62DB-941F-3CC9-8DCF-40ADD2129D42}.Release|x64.Build.0 = Release|x64
		{461C62DB-941F-3CC9-8DCF-40ADD2129D42}.MinSizeRel|x64.ActiveCfg = MinSizeRel|x64
		{461C62DB-941F-3CC9-8DCF-40ADD2129D42}.MinSizeRel|x64.Build.0 = MinSizeRel|x64
		{461C62DB-941F-3CC9-8DCF-40ADD2129D42}.RelWithDebInfo|x64.ActiveCfg = RelWithDebInfo|x64
		{461C62DB-941F-3CC9-8DCF-40ADD2129D42}.RelWithDebInfo|x64.Build.0 = RelWithDebInfo|x64
		{1F864962-966E-3ACE-8A5E-2F8F52EB61D4}.Debug|x64.ActiveCfg = Debug|x64
		{1F864962-966E-3ACE-8A5E-2F8F52EB61D4}.Debug|x64.Build.0 = Debug|x64
		{1F864962-966E-3ACE-8A5E-2F8F52EB61D4}.Release|x64.ActiveCfg = Release|x64
		{1F864962-966E-3ACE-8A5E-2F8F52EB61D4}.Release|x64.Build.0 = Release|x64
		{1F864962-966E-3ACE-8A5E-2F8F52EB61D4}.MinSizeRel|x64.ActiveCfg = MinSizeRel|x64
		{1F864962-966E-3ACE-8A5E-2F8F52EB61D4}.MinSizeRel|x64.Build.0 = MinSizeRel|x64
		{1F864962-966E-3ACE-8A5E-2F8F52EB61D4}.RelWithDebInfo|x64.ActiveCfg = RelWithDebInfo|x64
		{1F864962-966E-3ACE-8A5E-2F8F52EB61D4}.RelWithDebInfo|x64.Build.0 = RelWithDebInfo|x64
		{A3169CDF-8185-310D-B7E8-B6637CD2531F}.Debug|x64.ActiveCfg = Debug|x64
		{A3169CDF-8185-310D-B7E8-B6637CD2531F}.Debug|x64.Build.0 = Debug|x64
		{A3169CDF-8185-310D-B7E8-B6637CD2531F}.Release|x64.ActiveCfg = Release|x64
		{A3169CDF-8185-310D-B7E8-B6637CD2531F}.Release|x64.Build.0 = Release|x64
		{A3169CDF-8185-310D-B7E8-B6637CD2531F}.MinSizeRel|x64.ActiveCfg = MinSizeRel|x64
		{A3169CDF-8185-310D-B7E8-B6637CD2531F}.MinSizeRel|x64.Build.0 = MinSizeRel|x64
		{A3169CDF-8185-310D-B7E8-B6637CD2531F}.RelWithDebInfo|x64.ActiveCfg = RelWithDebInfo|x64
		{A3169CDF-8185-310D-B7E8-B6637CD2531F}.RelWithDebInfo|x64.Build.0 = RelWithDebInfo|x64
		{F95231F6-B9AC-3A6D-A625-0B8D9AEB06A0}.Debug|x64.ActiveCfg = Debug|x64
		{F95231F6-B9AC-3A6D-A625-0B8D9AEB06A0}.Debug|x64.Build.0 = Debug|x64
		{F95231F6-B9AC-3A6D-A625-0B8D9AEB06A0}.Release|x64.ActiveCfg = Release|x64
		{F95231F6-B9AC-3A6D-A625-0B8D9AEB06A0}.Release|x64.Build.0 = Release|x64
		{F95231F6-B9AC-3A6D-A625-0B8D9AEB06A0}.MinSizeRel|x64.ActiveCfg = MinSizeRel|x64
		{F95231F6-B9AC-3A6D-A625-0B8D9AEB06A0}.MinSizeRel|x64.Build.0 = MinSizeRel|x64
		{F95231F6-B9AC-3A6D-A625-0B8D9AEB06A0}.RelWithDebInfo|x64.ActiveCfg = RelWithDebInfo|x64
		{F95231F6-B9AC-3A6D-A625-0B8D9AEB06A0}.RelWithDebInfo|x64.Build.0 = RelWithDebInfo|x64
		{0EA0E9A6-89A0-347D-8D55-81B4EFD7FEF0}.Debug|x64.ActiveCfg = Debug|x64
		{0EA0E9A6-89A0-347D-8D55-81B4EFD7FEF0}.Debug|x64.Build.0 = Debug|x64
		{0EA0E9A6-89A0-347D-8D55-81B4EFD7FEF0}.Release|x64.ActiveCfg = Release|x64
		{0EA0E9A6-89A0-347D-8D55-81B4EFD7FEF0}.Release|x64.Build.0 = Release|x64
		{0EA0E9A6-89A0-347D-8D55-81B4EFD7FEF0}.MinSizeRel|x64.ActiveCfg = MinSizeRel|x64
		{0EA0E9A6-89A0-347D-8D55-81B4EFD7FEF0}.MinSizeRel|x64.Build.0 = MinSizeRel|x64
		{0EA0E9A6-89A0-347D-8D55-81B4EFD7FEF0}.RelWithDebInfo|x64.ActiveCfg = RelWithDebInfo|x64
		{0EA0E9A6-89A0-347D-8D55-81B4EFD7FEF0}.RelWithDebInfo|x64.Build.0 = RelWithDebInfo|x64
		{B3034AF1-EC7D-3A52-B157-48103CAFB71E}.Debug|x64.ActiveCfg = Debug|x64
		{B3034AF1-EC7D-3A52-B157-48103CAFB71E}.Debug|x64.Build.0 = Debug|x64
		{B3034AF1-EC7D-3A52-B157-48103CAFB71E}.Release|x64.ActiveCfg = Release|x64
		{B3034AF1-EC7D-3A52-B157-48103CAFB71E}.Release|x64.Build.0 = Release|x64
		{B3034AF1-EC7D-3A52-B157-48103CAFB71E}.MinSizeRel|x64.ActiveCfg = MinSizeRel|x64
		{B3034AF1-EC7D-3A52-B157-48103CAFB71E}.MinSizeRel|x64.Build.0 = MinSizeRel|x64
		{B3034AF1-EC7D-3A52-B157-48103CAFB71E}.RelWithDebInfo|x64.ActiveCfg = RelWithDebInfo|x64
		{B3034AF1-EC7D-3A52-B157-48103CAFB71E}.RelWithDebInfo|x64.Build.0 = RelWithDebInfo|x64
		{4BC910E1-8E3E-3C3B-9E4D-5C125A3D3DB0}.Debug|x64.ActiveCfg = Debug|x64
		{4BC910E1-8E3E-3C3B-9E4D-5C125A3D3DB0}.Debug|x64.Build.0 = Debug|x64
		{4BC910E1-8E3E-3C3B-9E4D-5C125A3D3DB0}.Release|x64.ActiveCfg = Release|x64
		{4BC910E1-8E3E-3C3B-9E4D-5C125A3D3DB0}.Release|x64.Build.0 = Release|x64
		{4BC910E1-8E3E-3C3B-9E4D-5C125A3D3DB0}.MinSizeRel|x64.ActiveCfg = MinSizeRel|x64
		{4BC910E1-8E3E-3C3B-9E4D-5C125A3D3DB0}.MinSizeRel|x64.Build.0 = MinSizeRel|x64
		{4BC910E1-8E3E-3C3B-9E4D-5C125A3D3DB0}.RelWithDebInfo|x64.ActiveCfg = RelWithDebInfo|x64
		{4BC910E1-8E3E-3C3B-9E4D-5C125A3D3DB0}.RelWithDebInfo|x64.Build.0 = RelWithDebInfo|x64
		{34D49F0C-EAEE-31CA-9C01-EE7036026639}.Debug|x64.ActiveCfg = Debug|x64
		{34D49F0C-EAEE-31CA-9C01-EE7036026639}.Debug|x64.Build.0 = Debug|x64
		{34D49F0C-EAEE-31CA-9C01-EE7036026639}.Release|x64.ActiveCfg = Release|x64
		{34D49F0C-EAEE-31CA-9C01-EE7036026639}.Release|x64.Build.0 = Release|x64
		{34D49F0C-EAEE-31CA-9C01-EE7036026639}.MinSizeRel|x64.ActiveCfg = MinSizeRel|x64
		{34D49F0C-EAEE-31CA-9C01-EE7036026639}.MinSizeRel|x64.Build.0 = MinSizeRel|x64
		{34D49F0C-EAEE-31CA-9C01-EE7036026639}.RelWithDebInfo|x64.ActiveCfg = RelWithDebInfo|x64
		{34D49F0C-EAEE-31CA-9C01-EE7036026639}.RelWithDebInfo|x64.Build.0 = RelWithDebInfo|x64
		{838DF143-4EE8-3834-B2F5-1E29C643EDCD}.Debug|x64.ActiveCfg = Debug|x64
		{838DF143-4EE8-3834-B2F5-1E29C643EDCD}.Debug|x64.Build.0 = Debug|x64
		{838DF143-4EE8-3834-B2F5-1E29C643EDCD}.Release|x64.ActiveCfg = Release|x64
		{838DF143-4EE8-3834-B2F5-1E29C643EDCD}.Release|x64.Build.0 = Release|x64
		{838DF143-4EE8-3834-B2F5-1E29C643EDCD}.MinSizeRel|x64.ActiveCfg = MinSizeRel|x64
		{838DF143-4EE8-3834-B2F5-1E29C643EDCD}.MinSizeRel|x64.Build.0 = MinSizeRel|x64
		{838DF143-4EE8-3834-B2F5-1E29C643EDCD}.RelWithDebInfo|x64.ActiveCfg = RelWithDebInfo|x64
		{838DF143-4EE8-3834-B2F5-1E29C643EDCD}.RelWithDebInfo|x64.Build.0 = RelWithDebInfo|x64
	EndGlobalSection
	GlobalSection(ExtensibilityGlobals) = postSolution
		SolutionGuid = {86ED175C-633A-3346-977E-F8DF2CE01CB7}
	EndGlobalSection
	GlobalSection(ExtensibilityAddIns) = postSolution
	EndGlobalSection
EndGlobal
