<?xml version="1.0" encoding="utf-8"?>
<Project ToolsVersion="17.0" xmlns="http://schemas.microsoft.com/developer/msbuild/2003">
  <ItemGroup>
    <ClCompile Include="C:\development\dxx-redux\d1\xmodel\aseread.cpp">
      <Filter>Source Files</Filter>
    </ClCompile>
    <ClCompile Include="C:\development\dxx-redux\d1\xmodel\submodel.cpp">
      <Filter>Source Files</Filter>
    </ClCompile>
    <ClCompile Include="C:\development\dxx-redux\d1\xmodel\tga.cpp">
      <Filter>Source Files</Filter>
    </ClCompile>
    <ClCompile Include="C:\development\dxx-redux\d1\xmodel\xmodel.cpp">
      <Filter>Source Files</Filter>
    </ClCompile>
  </ItemGroup>
  <ItemGroup>
    <CustomBuild Include="C:\development\dxx-redux\d1\xmodel\CMakeLists.txt" />
  </ItemGroup>
  <ItemGroup>
    <Filter Include="Source Files">
      <UniqueIdentifier>{A4C8D66D-B4EC-32FD-8CD5-BE40F764A836}</UniqueIdentifier>
    </Filter>
  </ItemGroup>
</Project>
